// !$*UTF8*$!
{
	archiveVersion = 1;
	classes = {
	};
	objectVersion = 50;
	objects = {

/* Begin PBXBuildFile section */
		BA5EBA5D22F33CE90030E970 /* RockDecoder.h in Headers */ = {isa = PBXBuildFile; fileRef = BA5EBA5B22F33CE90030E970 /* RockDecoder.h */; settings = {ATTRIBUTES = (Public, ); }; };
		BA5EBA5E22F33CE90030E970 /* RockDecoder.c in Sources */ = {isa = PBXBuildFile; fileRef = BA5EBA5C22F33CE90030E970 /* RockDecoder.c */; };
		BA5EBA6122F33DE20030E970 /* RockISA.h in Headers */ = {isa = PBXBuildFile; fileRef = BA5EBA5F22F33D7D0030E970 /* RockISA.h */; };
		BA5EBA6222F33DEB0030E970 /* RockBase.h in Headers */ = {isa = PBXBuildFile; fileRef = BA5EBA5922F33B580030E970 /* RockBase.h */; settings = {ATTRIBUTES = (Public, ); }; };
		BA5EBA6422F33EBC0030E970 /* RockISA.c in Sources */ = {isa = PBXBuildFile; fileRef = BA5EBA6322F33EBC0030E970 /* RockISA.c */; };
		BA5EBA6722F3406C0030E970 /* libc.tbd in Frameworks */ = {isa = PBXBuildFile; fileRef = BA5EBA6622F3406C0030E970 /* libc.tbd */; };
		BA5EBA6922F3435E0030E970 /* RockAvailability.h in Headers */ = {isa = PBXBuildFile; fileRef = BA5EBA6822F3435E0030E970 /* RockAvailability.h */; };
/* End PBXBuildFile section */

/* Begin PBXFileReference section */
		BA5EBA4E22F336E60030E970 /* libRockPlayer.a */ = {isa = PBXFileReference; explicitFileType = archive.ar; includeInIndex = 0; path = libRockPlayer.a; sourceTree = BUILT_PRODUCTS_DIR; };
		BA5EBA5922F33B580030E970 /* RockBase.h */ = {isa = PBXFileReference; lastKnownFileType = sourcecode.c.h; path = RockBase.h; sourceTree = "<group>"; };
		BA5EBA5B22F33CE90030E970 /* RockDecoder.h */ = {isa = PBXFileReference; lastKnownFileType = sourcecode.c.h; path = RockDecoder.h; sourceTree = "<group>"; };
		BA5EBA5C22F33CE90030E970 /* RockDecoder.c */ = {isa = PBXFileReference; lastKnownFileType = sourcecode.c.c; path = RockDecoder.c; sourceTree = "<group>"; };
		BA5EBA5F22F33D7D0030E970 /* RockISA.h */ = {isa = PBXFileReference; lastKnownFileType = sourcecode.c.h; path = RockISA.h; sourceTree = "<group>"; };
		BA5EBA6322F33EBC0030E970 /* RockISA.c */ = {isa = PBXFileReference; lastKnownFileType = sourcecode.c.c; path = RockISA.c; sourceTree = "<group>"; };
		BA5EBA6622F3406C0030E970 /* libc.tbd */ = {isa = PBXFileReference; lastKnownFileType = "sourcecode.text-based-dylib-definition"; name = libc.tbd; path = usr/lib/libc.tbd; sourceTree = SDKROOT; };
		BA5EBA6822F3435E0030E970 /* RockAvailability.h */ = {isa = PBXFileReference; lastKnownFileType = sourcecode.c.h; path = RockAvailability.h; sourceTree = "<group>"; };
/* End PBXFileReference section */

/* Begin PBXFrameworksBuildPhase section */
		BA5EBA4C22F336E60030E970 /* Frameworks */ = {
			isa = PBXFrameworksBuildPhase;
			buildActionMask = 2147483647;
			files = (
				BA5EBA6722F3406C0030E970 /* libc.tbd in Frameworks */,
			);
			runOnlyForDeploymentPostprocessing = 0;
		};
/* End PBXFrameworksBuildPhase section */

/* Begin PBXGroup section */
		BA5EBA4522F336E60030E970 = {
			isa = PBXGroup;
			children = (
				BA5EBA5822F33AD00030E970 /* Private Header */,
				BA5EBA5722F33ACA0030E970 /* Project Header */,
				BA5EBA5622F33AB60030E970 /* Public Header */,
				BA5EBA5522F33AA50030E970 /* Source */,
				BA5EBA4F22F336E60030E970 /* Products */,
				BA5EBA6522F3406C0030E970 /* Frameworks */,
			);
			sourceTree = "<group>";
		};
		BA5EBA4F22F336E60030E970 /* Products */ = {
			isa = PBXGroup;
			children = (
				BA5EBA4E22F336E60030E970 /* libRockPlayer.a */,
			);
			name = Products;
			sourceTree = "<group>";
		};
		BA5EBA5522F33AA50030E970 /* Source */ = {
			isa = PBXGroup;
			children = (
				BA5EBA6322F33EBC0030E970 /* RockISA.c */,
				BA5EBA5C22F33CE90030E970 /* RockDecoder.c */,
			);
			path = Source;
			sourceTree = "<group>";
		};
		BA5EBA5622F33AB60030E970 /* Public Header */ = {
			isa = PBXGroup;
			children = (
				BA5EBA6822F3435E0030E970 /* RockAvailability.h */,
				BA5EBA5922F33B580030E970 /* RockBase.h */,
				BA5EBA5B22F33CE90030E970 /* RockDecoder.h */,
			);
			path = "Public Header";
			sourceTree = "<group>";
		};
		BA5EBA5722F33ACA0030E970 /* Project Header */ = {
			isa = PBXGroup;
			children = (
				BA5EBA5F22F33D7D0030E970 /* RockISA.h */,
			);
			path = "Project Header";
			sourceTree = "<group>";
		};
		BA5EBA5822F33AD00030E970 /* Private Header */ = {
			isa = PBXGroup;
			children = (
			);
			path = "Private Header";
			sourceTree = "<group>";
		};
		BA5EBA6522F3406C0030E970 /* Frameworks */ = {
			isa = PBXGroup;
			children = (
				BA5EBA6622F3406C0030E970 /* libc.tbd */,
			);
			name = Frameworks;
			sourceTree = "<group>";
		};
/* End PBXGroup section */

/* Begin PBXHeadersBuildPhase section */
		BA5EBA4A22F336E60030E970 /* Headers */ = {
			isa = PBXHeadersBuildPhase;
			buildActionMask = 2147483647;
			files = (
				BA5EBA5D22F33CE90030E970 /* RockDecoder.h in Headers */,
				BA5EBA6222F33DEB0030E970 /* RockBase.h in Headers */,
				BA5EBA6922F3435E0030E970 /* RockAvailability.h in Headers */,
				BA5EBA6122F33DE20030E970 /* RockISA.h in Headers */,
			);
			runOnlyForDeploymentPostprocessing = 0;
		};
/* End PBXHeadersBuildPhase section */

/* Begin PBXNativeTarget section */
		BA5EBA4D22F336E60030E970 /* RockPlayer */ = {
			isa = PBXNativeTarget;
			buildConfigurationList = BA5EBA5222F336E60030E970 /* Build configuration list for PBXNativeTarget "RockPlayer" */;
			buildPhases = (
				BA5EBA4A22F336E60030E970 /* Headers */,
				BA5EBA4B22F336E60030E970 /* Sources */,
				BA5EBA4C22F336E60030E970 /* Frameworks */,
			);
			buildRules = (
			);
			dependencies = (
			);
			name = RockPlayer;
			productName = RockPlayer;
			productReference = BA5EBA4E22F336E60030E970 /* libRockPlayer.a */;
			productType = "com.apple.product-type.library.static";
		};
/* End PBXNativeTarget section */

/* Begin PBXProject section */
		BA5EBA4622F336E60030E970 /* Project object */ = {
			isa = PBXProject;
			attributes = {
				LastUpgradeCheck = 1030;
				ORGANIZATIONNAME = Mickyzhu;
				TargetAttributes = {
					BA5EBA4D22F336E60030E970 = {
						CreatedOnToolsVersion = 10.3;
					};
				};
			};
			buildConfigurationList = BA5EBA4922F336E60030E970 /* Build configuration list for PBXProject "RockPlayer" */;
			compatibilityVersion = "Xcode 9.3";
			developmentRegion = en;
			hasScannedForEncodings = 0;
			knownRegions = (
				en,
			);
			mainGroup = BA5EBA4522F336E60030E970;
			productRefGroup = BA5EBA4F22F336E60030E970 /* Products */;
			projectDirPath = "";
			projectRoot = "";
			targets = (
				BA5EBA4D22F336E60030E970 /* RockPlayer */,
			);
		};
/* End PBXProject section */

/* Begin PBXSourcesBuildPhase section */
		BA5EBA4B22F336E60030E970 /* Sources */ = {
			isa = PBXSourcesBuildPhase;
			buildActionMask = 2147483647;
			files = (
				BA5EBA6422F33EBC0030E970 /* RockISA.c in Sources */,
				BA5EBA5E22F33CE90030E970 /* RockDecoder.c in Sources */,
			);
			runOnlyForDeploymentPostprocessing = 0;
		};
/* End PBXSourcesBuildPhase section */

/* Begin XCBuildConfiguration section */
		BA5EBA5022F336E60030E970 /* Debug */ = {
			isa = XCBuildConfiguration;
			buildSettings = {
				ALWAYS_SEARCH_USER_PATHS = NO;
				CLANG_ANALYZER_NONNULL = YES;
				CLANG_ANALYZER_NUMBER_OBJECT_CONVERSION = YES_AGGRESSIVE;
				CLANG_CXX_LANGUAGE_STANDARD = "gnu++14";
				CLANG_CXX_LIBRARY = "libc++";
				CLANG_ENABLE_MODULES = YES;
				CLANG_ENABLE_OBJC_ARC = YES;
				CLANG_ENABLE_OBJC_WEAK = YES;
				CLANG_WARN_BLOCK_CAPTURE_AUTORELEASING = YES;
				CLANG_WARN_BOOL_CONVERSION = YES;
				CLANG_WARN_COMMA = YES;
				CLANG_WARN_CONSTANT_CONVERSION = YES;
				CLANG_WARN_DEPRECATED_OBJC_IMPLEMENTATIONS = YES;
				CLANG_WARN_DIRECT_OBJC_ISA_USAGE = YES_ERROR;
				CLANG_WARN_DOCUMENTATION_COMMENTS = YES;
				CLANG_WARN_EMPTY_BODY = YES;
				CLANG_WARN_ENUM_CONVERSION = YES;
				CLANG_WARN_INFINITE_RECURSION = YES;
				CLANG_WARN_INT_CONVERSION = YES;
				CLANG_WARN_NON_LITERAL_NULL_CONVERSION = YES;
				CLANG_WARN_OBJC_IMPLICIT_RETAIN_SELF = YES;
				CLANG_WARN_OBJC_LITERAL_CONVERSION = YES;
				CLANG_WARN_OBJC_ROOT_CLASS = YES_ERROR;
				CLANG_WARN_RANGE_LOOP_ANALYSIS = YES;
				CLANG_WARN_STRICT_PROTOTYPES = YES;
				CLANG_WARN_SUSPICIOUS_MOVE = YES;
				CLANG_WARN_UNGUARDED_AVAILABILITY = YES_AGGRESSIVE;
				CLANG_WARN_UNREACHABLE_CODE = YES;
				CLANG_WARN__DUPLICATE_METHOD_MATCH = YES;
				CODE_SIGN_IDENTITY = "Mac Developer";
				COPY_PHASE_STRIP = NO;
				DEBUG_INFORMATION_FORMAT = dwarf;
				ENABLE_STRICT_OBJC_MSGSEND = YES;
				ENABLE_TESTABILITY = YES;
				GCC_C_LANGUAGE_STANDARD = gnu11;
				GCC_DYNAMIC_NO_PIC = NO;
				GCC_NO_COMMON_BLOCKS = YES;
				GCC_OPTIMIZATION_LEVEL = 0;
				GCC_PREPROCESSOR_DEFINITIONS = (
					"DEBUG=1",
					"$(inherited)",
				);
				GCC_WARN_64_TO_32_BIT_CONVERSION = YES;
				GCC_WARN_ABOUT_RETURN_TYPE = YES_ERROR;
				GCC_WARN_UNDECLARED_SELECTOR = YES;
				GCC_WARN_UNINITIALIZED_AUTOS = YES_AGGRESSIVE;
				GCC_WARN_UNUSED_FUNCTION = YES;
				GCC_WARN_UNUSED_VARIABLE = YES;
				MACOSX_DEPLOYMENT_TARGET = 10.14;
				MTL_ENABLE_DEBUG_INFO = INCLUDE_SOURCE;
				MTL_FAST_MATH = YES;
				ONLY_ACTIVE_ARCH = YES;
				SDKROOT = macosx;
			};
			name = Debug;
		};
		BA5EBA5122F336E60030E970 /* Release */ = {
			isa = XCBuildConfiguration;
			buildSettings = {
				ALWAYS_SEARCH_USER_PATHS = NO;
				CLANG_ANALYZER_NONNULL = YES;
				CLANG_ANALYZER_NUMBER_OBJECT_CONVERSION = YES_AGGRESSIVE;
				CLANG_CXX_LANGUAGE_STANDARD = "gnu++14";
				CLANG_CXX_LIBRARY = "libc++";
				CLANG_ENABLE_MODULES = YES;
				CLANG_ENABLE_OBJC_ARC = YES;
				CLANG_ENABLE_OBJC_WEAK = YES;
				CLANG_WARN_BLOCK_CAPTURE_AUTORELEASING = YES;
				CLANG_WARN_BOOL_CONVERSION = YES;
				CLANG_WARN_COMMA = YES;
				CLANG_WARN_CONSTANT_CONVERSION = YES;
				CLANG_WARN_DEPRECATED_OBJC_IMPLEMENTATIONS = YES;
				CLANG_WARN_DIRECT_OBJC_ISA_USAGE = YES_ERROR;
				CLANG_WARN_DOCUMENTATION_COMMENTS = YES;
				CLANG_WARN_EMPTY_BODY = YES;
				CLANG_WARN_ENUM_CONVERSION = YES;
				CLANG_WARN_INFINITE_RECURSION = YES;
				CLANG_WARN_INT_CONVERSION = YES;
				CLANG_WARN_NON_LITERAL_NULL_CONVERSION = YES;
				CLANG_WARN_OBJC_IMPLICIT_RETAIN_SELF = YES;
				CLANG_WARN_OBJC_LITERAL_CONVERSION = YES;
				CLANG_WARN_OBJC_ROOT_CLASS = YES_ERROR;
				CLANG_WARN_RANGE_LOOP_ANALYSIS = YES;
				CLANG_WARN_STRICT_PROTOTYPES = YES;
				CLANG_WARN_SUSPICIOUS_MOVE = YES;
				CLANG_WARN_UNGUARDED_AVAILABILITY = YES_AGGRESSIVE;
				CLANG_WARN_UNREACHABLE_CODE = YES;
				CLANG_WARN__DUPLICATE_METHOD_MATCH = YES;
				CODE_SIGN_IDENTITY = "Mac Developer";
				COPY_PHASE_STRIP = NO;
				DEBUG_INFORMATION_FORMAT = "dwarf-with-dsym";
				ENABLE_NS_ASSERTIONS = NO;
				ENABLE_STRICT_OBJC_MSGSEND = YES;
				GCC_C_LANGUAGE_STANDARD = gnu11;
				GCC_NO_COMMON_BLOCKS = YES;
				GCC_WARN_64_TO_32_BIT_CONVERSION = YES;
				GCC_WARN_ABOUT_RETURN_TYPE = YES_ERROR;
				GCC_WARN_UNDECLARED_SELECTOR = YES;
				GCC_WARN_UNINITIALIZED_AUTOS = YES_AGGRESSIVE;
				GCC_WARN_UNUSED_FUNCTION = YES;
				GCC_WARN_UNUSED_VARIABLE = YES;
				MACOSX_DEPLOYMENT_TARGET = 10.14;
				MTL_ENABLE_DEBUG_INFO = NO;
				MTL_FAST_MATH = YES;
				SDKROOT = macosx;
			};
			name = Release;
		};
		BA5EBA5322F336E60030E970 /* Debug */ = {
			isa = XCBuildConfiguration;
			buildSettings = {
				CODE_SIGN_STYLE = Automatic;
				DEVELOPMENT_TEAM = 24QJT553GT;
				EXECUTABLE_PREFIX = lib;
				HEADER_SEARCH_PATHS = (
					"\"$(SRCROOT)/Private Header\"",
					"\"$(SRCROOT)/Project Header\"",
					"\"$(SRCROOT)/Public Header\"",
				);
				PRODUCT_NAME = "$(TARGET_NAME)";
				SKIP_INSTALL = YES;
			};
			name = Debug;
		};
		BA5EBA5422F336E60030E970 /* Release */ = {
			isa = XCBuildConfiguration;
			buildSettings = {
				CODE_SIGN_STYLE = Automatic;
				DEVELOPMENT_TEAM = 24QJT553GT;
				EXECUTABLE_PREFIX = lib;
				HEADER_SEARCH_PATHS = (
					"\"$(SRCROOT)/Private Header\"",
					"\"$(SRCROOT)/Project Header\"",
					"\"$(SRCROOT)/Public Header\"",
				);
				PRODUCT_NAME = "$(TARGET_NAME)";
				SKIP_INSTALL = YES;
			};
			name = Release;
		};
/* End XCBuildConfiguration section */

/* Begin XCConfigurationList section */
		BA5EBA4922F336E60030E970 /* Build configuration list for PBXProject "RockPlayer" */ = {
			isa = XCConfigurationList;
			buildConfigurations = (
				BA5EBA5022F336E60030E970 /* Debug */,
				BA5EBA5122F336E60030E970 /* Release */,
			);
			defaultConfigurationIsVisible = 0;
			defaultConfigurationName = Release;
		};
		BA5EBA5222F336E60030E970 /* Build configuration list for PBXNativeTarget "RockPlayer" */ = {
			isa = XCConfigurationList;
			buildConfigurations = (
				BA5EBA5322F336E60030E970 /* Debug */,
				BA5EBA5422F336E60030E970 /* Release */,
			);
			defaultConfigurationIsVisible = 0;
			defaultConfigurationName = Release;
		};
/* End XCConfigurationList section */
	};
	rootObject = BA5EBA4622F336E60030E970 /* Project object */;
}
